
Microsoft Visual Studio Solution File, Format Version 12.00
# Visual Studio Version 17
VisualStudioVersion = 17.8.34511.84
MinimumVisualStudioVersion = 10.0.40219.1
Project("{FAE04EC0-301F-11D3-BF4B-00C04F79EFBC}") = "Testy2", "Testy2.csproj", "{E8710377-2315-455F-855A-E92B5BD3FB4F}"
EndProject
Global
	GlobalSection(SolutionConfigurationPlatforms) = preSolution
		Debug|Any CPU = Debug|Any CPU
		Release|Any CPU = Release|Any CPU
	EndGlobalSection
	GlobalSection(ProjectConfigurationPlatforms) = postSolution
		{E8710377-2315-455F-855A-E92B5BD3FB4F}.Debug|Any CPU.ActiveCfg = Debug|Any CPU
		{E8710377-2315-455F-855A-E92B5BD3FB4F}.Debug|Any CPU.Build.0 = Debug|Any CPU
		{E8710377-2315-455F-855A-E92B5BD3FB4F}.Release|Any CPU.ActiveCfg = Release|Any CPU
		{E8710377-2315-455F-855A-E92B5BD3FB4F}.Release|Any CPU.Build.0 = Release|Any CPU
	EndGlobalSection
	GlobalSection(SolutionProperties) = preSolution
		HideSolutionNode = FALSE
	EndGlobalSection
	GlobalSection(ExtensibilityGlobals) = postSolution
		SolutionGuid = {9E0E82EE-44FC-478E-B2FC-2CCBE2706468}
	EndGlobalSection
EndGlobal
