
Microsoft Visual Studio Solution File, Format Version 12.00
# Visual Studio Version 17
VisualStudioVersion = 17.8.34511.84
MinimumVisualStudioVersion = 10.0.40219.1
Project("{FAE04EC0-301F-11D3-BF4B-00C04F79EFBC}") = "NewCalku", "NewCalku.csproj", "{072666C5-6FD5-4200-A7B5-A685D0168264}"
EndProject
Global
	GlobalSection(SolutionConfigurationPlatforms) = preSolution
		Debug|Any CPU = Debug|Any CPU
		Release|Any CPU = Release|Any CPU
	EndGlobalSection
	GlobalSection(ProjectConfigurationPlatforms) = postSolution
		{072666C5-6FD5-4200-A7B5-A685D0168264}.Debug|Any CPU.ActiveCfg = Debug|Any CPU
		{072666C5-6FD5-4200-A7B5-A685D0168264}.Debug|Any CPU.Build.0 = Debug|Any CPU
		{072666C5-6FD5-4200-A7B5-A685D0168264}.Release|Any CPU.ActiveCfg = Release|Any CPU
		{072666C5-6FD5-4200-A7B5-A685D0168264}.Release|Any CPU.Build.0 = Release|Any CPU
	EndGlobalSection
	GlobalSection(SolutionProperties) = preSolution
		HideSolutionNode = FALSE
	EndGlobalSection
	GlobalSection(ExtensibilityGlobals) = postSolution
		SolutionGuid = {BBF7D0B0-B16F-4DAB-B357-A9C7F1EED978}
	EndGlobalSection
EndGlobal
